// !$*UTF8*$!
{
	archiveVersion = 1;
	classes = {
	};
	objectVersion = 55;
	objects = {

/* Begin PBXBuildFile section */
		937FB6FB27A0851D003F48D9 /* ToolbarView.swift in Sources */ = {isa = PBXBuildFile; fileRef = 937FB6FA27A0851D003F48D9 /* ToolbarView.swift */; };
		937FB6FF27A0961F003F48D9 /* OFL.txt in Resources */ = {isa = PBXBuildFile; fileRef = 937FB6FD27A0961F003F48D9 /* OFL.txt */; };
		937FB70027A0961F003F48D9 /* Lobster-Regular.ttf in Resources */ = {isa = PBXBuildFile; fileRef = 937FB6FE27A0961F003F48D9 /* Lobster-Regular.ttf */; };
		93BB7CB927A06FB400ECBD65 /* learningSwiftUIApp.swift in Sources */ = {isa = PBXBuildFile; fileRef = 93BB7CB827A06FB400ECBD65 /* learningSwiftUIApp.swift */; };
		93BB7CBB27A06FB400ECBD65 /* ContentView.swift in Sources */ = {isa = PBXBuildFile; fileRef = 93BB7CBA27A06FB400ECBD65 /* ContentView.swift */; };
		93BB7CBD27A06FB500ECBD65 /* Assets.xcassets in Resources */ = {isa = PBXBuildFile; fileRef = 93BB7CBC27A06FB500ECBD65 /* Assets.xcassets */; };
		93BB7CC027A06FB500ECBD65 /* Preview Assets.xcassets in Resources */ = {isa = PBXBuildFile; fileRef = 93BB7CBF27A06FB500ECBD65 /* Preview Assets.xcassets */; };
		93BB7CCA27A06FB500ECBD65 /* learningSwiftUITests.swift in Sources */ = {isa = PBXBuildFile; fileRef = 93BB7CC927A06FB500ECBD65 /* learningSwiftUITests.swift */; };
		93BB7CD427A06FB500ECBD65 /* learningSwiftUIUITests.swift in Sources */ = {isa = PBXBuildFile; fileRef = 93BB7CD327A06FB500ECBD65 /* learningSwiftUIUITests.swift */; };
		93BB7CD627A06FB500ECBD65 /* learningSwiftUIUITestsLaunchTests.swift in Sources */ = {isa = PBXBuildFile; fileRef = 93BB7CD527A06FB500ECBD65 /* learningSwiftUIUITestsLaunchTests.swift */; };
		93BB7CE327A0728600ECBD65 /* Stacks.swift in Sources */ = {isa = PBXBuildFile; fileRef = 93BB7CE227A0728600ECBD65 /* Stacks.swift */; };
		93BB7CE527A0738400ECBD65 /* BadgeWithBlueBackground.swift in Sources */ = {isa = PBXBuildFile; fileRef = 93BB7CE427A0738400ECBD65 /* BadgeWithBlueBackground.swift */; };
		93BB7CE727A073C700ECBD65 /* ImageAsBackground.swift in Sources */ = {isa = PBXBuildFile; fileRef = 93BB7CE627A073C700ECBD65 /* ImageAsBackground.swift */; };
		93BB7CE927A0777100ECBD65 /* SidebarView.swift in Sources */ = {isa = PBXBuildFile; fileRef = 93BB7CE827A0777100ECBD65 /* SidebarView.swift */; };
		93BB7CEB27A07A1900ECBD65 /* HomeView.swift in Sources */ = {isa = PBXBuildFile; fileRef = 93BB7CEA27A07A1900ECBD65 /* HomeView.swift */; };
		93BB7CED27A07A3F00ECBD65 /* TutorialsView.swift in Sources */ = {isa = PBXBuildFile; fileRef = 93BB7CEC27A07A3F00ECBD65 /* TutorialsView.swift */; };
/* End PBXBuildFile section */

/* Begin PBXContainerItemProxy section */
		93BB7CC627A06FB500ECBD65 /* PBXContainerItemProxy */ = {
			isa = PBXContainerItemProxy;
			containerPortal = 93BB7CAD27A06FB400ECBD65 /* Project object */;
			proxyType = 1;
			remoteGlobalIDString = 93BB7CB427A06FB400ECBD65;
			remoteInfo = learningSwiftUI;
		};
		93BB7CD027A06FB500ECBD65 /* PBXContainerItemProxy */ = {
			isa = PBXContainerItemProxy;
			containerPortal = 93BB7CAD27A06FB400ECBD65 /* Project object */;
			proxyType = 1;
			remoteGlobalIDString = 93BB7CB427A06FB400ECBD65;
			remoteInfo = learningSwiftUI;
		};
/* End PBXContainerItemProxy section */

/* Begin PBXFileReference section */
		937FB6FA27A0851D003F48D9 /* ToolbarView.swift */ = {isa = PBXFileReference; lastKnownFileType = sourcecode.swift; path = ToolbarView.swift; sourceTree = "<group>"; };
		937FB6FD27A0961F003F48D9 /* OFL.txt */ = {isa = PBXFileReference; fileEncoding = 4; lastKnownFileType = text; path = OFL.txt; sourceTree = "<group>"; };
		937FB6FE27A0961F003F48D9 /* Lobster-Regular.ttf */ = {isa = PBXFileReference; lastKnownFileType = file; path = "Lobster-Regular.ttf"; sourceTree = "<group>"; };
		937FB70127A09681003F48D9 /* Info.plist */ = {isa = PBXFileReference; lastKnownFileType = text.plist; path = Info.plist; sourceTree = "<group>"; };
		93BB7CB527A06FB400ECBD65 /* learningSwiftUI.app */ = {isa = PBXFileReference; explicitFileType = wrapper.application; includeInIndex = 0; path = learningSwiftUI.app; sourceTree = BUILT_PRODUCTS_DIR; };
		93BB7CB827A06FB400ECBD65 /* learningSwiftUIApp.swift */ = {isa = PBXFileReference; lastKnownFileType = sourcecode.swift; path = learningSwiftUIApp.swift; sourceTree = "<group>"; };
		93BB7CBA27A06FB400ECBD65 /* ContentView.swift */ = {isa = PBXFileReference; lastKnownFileType = sourcecode.swift; path = ContentView.swift; sourceTree = "<group>"; };
		93BB7CBC27A06FB500ECBD65 /* Assets.xcassets */ = {isa = PBXFileReference; lastKnownFileType = folder.assetcatalog; path = Assets.xcassets; sourceTree = "<group>"; };
		93BB7CBF27A06FB500ECBD65 /* Preview Assets.xcassets */ = {isa = PBXFileReference; lastKnownFileType = folder.assetcatalog; path = "Preview Assets.xcassets"; sourceTree = "<group>"; };
		93BB7CC527A06FB500ECBD65 /* learningSwiftUITests.xctest */ = {isa = PBXFileReference; explicitFileType = wrapper.cfbundle; includeInIndex = 0; path = learningSwiftUITests.xctest; sourceTree = BUILT_PRODUCTS_DIR; };
		93BB7CC927A06FB500ECBD65 /* learningSwiftUITests.swift */ = {isa = PBXFileReference; lastKnownFileType = sourcecode.swift; path = learningSwiftUITests.swift; sourceTree = "<group>"; };
		93BB7CCF27A06FB500ECBD65 /* learningSwiftUIUITests.xctest */ = {isa = PBXFileReference; explicitFileType = wrapper.cfbundle; includeInIndex = 0; path = learningSwiftUIUITests.xctest; sourceTree = BUILT_PRODUCTS_DIR; };
		93BB7CD327A06FB500ECBD65 /* learningSwiftUIUITests.swift */ = {isa = PBXFileReference; lastKnownFileType = sourcecode.swift; path = learningSwiftUIUITests.swift; sourceTree = "<group>"; };
		93BB7CD527A06FB500ECBD65 /* learningSwiftUIUITestsLaunchTests.swift */ = {isa = PBXFileReference; lastKnownFileType = sourcecode.swift; path = learningSwiftUIUITestsLaunchTests.swift; sourceTree = "<group>"; };
		93BB7CE227A0728600ECBD65 /* Stacks.swift */ = {isa = PBXFileReference; fileEncoding = 4; lastKnownFileType = sourcecode.swift; path = Stacks.swift; sourceTree = "<group>"; };
		93BB7CE427A0738400ECBD65 /* BadgeWithBlueBackground.swift */ = {isa = PBXFileReference; fileEncoding = 4; lastKnownFileType = sourcecode.swift; path = BadgeWithBlueBackground.swift; sourceTree = "<group>"; };
		93BB7CE627A073C700ECBD65 /* ImageAsBackground.swift */ = {isa = PBXFileReference; fileEncoding = 4; lastKnownFileType = sourcecode.swift; path = ImageAsBackground.swift; sourceTree = "<group>"; };
		93BB7CE827A0777100ECBD65 /* SidebarView.swift */ = {isa = PBXFileReference; lastKnownFileType = sourcecode.swift; path = SidebarView.swift; sourceTree = "<group>"; };
		93BB7CEA27A07A1900ECBD65 /* HomeView.swift */ = {isa = PBXFileReference; lastKnownFileType = sourcecode.swift; path = HomeView.swift; sourceTree = "<group>"; };
		93BB7CEC27A07A3F00ECBD65 /* TutorialsView.swift */ = {isa = PBXFileReference; lastKnownFileType = sourcecode.swift; path = TutorialsView.swift; sourceTree = "<group>"; };
/* End PBXFileReference section */

/* Begin PBXFrameworksBuildPhase section */
		93BB7CB227A06FB400ECBD65 /* Frameworks */ = {
			isa = PBXFrameworksBuildPhase;
			buildActionMask = 2147483647;
			files = (
			);
			runOnlyForDeploymentPostprocessing = 0;
		};
		93BB7CC227A06FB500ECBD65 /* Frameworks */ = {
			isa = PBXFrameworksBuildPhase;
			buildActionMask = 2147483647;
			files = (
			);
			runOnlyForDeploymentPostprocessing = 0;
		};
		93BB7CCC27A06FB500ECBD65 /* Frameworks */ = {
			isa = PBXFrameworksBuildPhase;
			buildActionMask = 2147483647;
			files = (
			);
			runOnlyForDeploymentPostprocessing = 0;
		};
/* End PBXFrameworksBuildPhase section */

/* Begin PBXGroup section */
		937FB6F927A08505003F48D9 /* Toolbar */ = {
			isa = PBXGroup;
			children = (
				937FB6FA27A0851D003F48D9 /* ToolbarView.swift */,
			);
			path = Toolbar;
			sourceTree = "<group>";
		};
		937FB6FC27A0961F003F48D9 /* Lobster */ = {
			isa = PBXGroup;
			children = (
				937FB6FD27A0961F003F48D9 /* OFL.txt */,
				937FB6FE27A0961F003F48D9 /* Lobster-Regular.ttf */,
			);
			path = Lobster;
			sourceTree = "<group>";
		};
		93BB7CAC27A06FB400ECBD65 = {
			isa = PBXGroup;
			children = (
				93BB7CB727A06FB400ECBD65 /* learningSwiftUI */,
				93BB7CC827A06FB500ECBD65 /* learningSwiftUITests */,
				93BB7CD227A06FB500ECBD65 /* learningSwiftUIUITests */,
				93BB7CB627A06FB400ECBD65 /* Products */,
			);
			sourceTree = "<group>";
		};
		93BB7CB627A06FB400ECBD65 /* Products */ = {
			isa = PBXGroup;
			children = (
				93BB7CB527A06FB400ECBD65 /* learningSwiftUI.app */,
				93BB7CC527A06FB500ECBD65 /* learningSwiftUITests.xctest */,
				93BB7CCF27A06FB500ECBD65 /* learningSwiftUIUITests.xctest */,
			);
			name = Products;
			sourceTree = "<group>";
		};
		93BB7CB727A06FB400ECBD65 /* learningSwiftUI */ = {
			isa = PBXGroup;
			children = (
				937FB70127A09681003F48D9 /* Info.plist */,
				937FB6F927A08505003F48D9 /* Toolbar */,
				93BB7CEE27A07B7E00ECBD65 /* Sidebar */,
				93BB7CB827A06FB400ECBD65 /* learningSwiftUIApp.swift */,
				93BB7CE227A0728600ECBD65 /* Stacks.swift */,
				93BB7CE427A0738400ECBD65 /* BadgeWithBlueBackground.swift */,
				93BB7CE627A073C700ECBD65 /* ImageAsBackground.swift */,
				93BB7CBA27A06FB400ECBD65 /* ContentView.swift */,
				937FB6FC27A0961F003F48D9 /* Lobster */,
				93BB7CBC27A06FB500ECBD65 /* Assets.xcassets */,
				93BB7CBE27A06FB500ECBD65 /* Preview Content */,
			);
			path = learningSwiftUI;
			sourceTree = "<group>";
		};
		93BB7CBE27A06FB500ECBD65 /* Preview Content */ = {
			isa = PBXGroup;
			children = (
				93BB7CBF27A06FB500ECBD65 /* Preview Assets.xcassets */,
			);
			path = "Preview Content";
			sourceTree = "<group>";
		};
		93BB7CC827A06FB500ECBD65 /* learningSwiftUITests */ = {
			isa = PBXGroup;
			children = (
				93BB7CC927A06FB500ECBD65 /* learningSwiftUITests.swift */,
			);
			path = learningSwiftUITests;
			sourceTree = "<group>";
		};
		93BB7CD227A06FB500ECBD65 /* learningSwiftUIUITests */ = {
			isa = PBXGroup;
			children = (
				93BB7CD327A06FB500ECBD65 /* learningSwiftUIUITests.swift */,
				93BB7CD527A06FB500ECBD65 /* learningSwiftUIUITestsLaunchTests.swift */,
			);
			path = learningSwiftUIUITests;
			sourceTree = "<group>";
		};
		93BB7CEE27A07B7E00ECBD65 /* Sidebar */ = {
			isa = PBXGroup;
			children = (
				93BB7CE827A0777100ECBD65 /* SidebarView.swift */,
				93BB7CEA27A07A1900ECBD65 /* HomeView.swift */,
				93BB7CEC27A07A3F00ECBD65 /* TutorialsView.swift */,
			);
			path = Sidebar;
			sourceTree = "<group>";
		};
/* End PBXGroup section */

/* Begin PBXNativeTarget section */
		93BB7CB427A06FB400ECBD65 /* learningSwiftUI */ = {
			isa = PBXNativeTarget;
			buildConfigurationList = 93BB7CD927A06FB500ECBD65 /* Build configuration list for PBXNativeTarget "learningSwiftUI" */;
			buildPhases = (
				93BB7CB127A06FB400ECBD65 /* Sources */,
				93BB7CB227A06FB400ECBD65 /* Frameworks */,
				93BB7CB327A06FB400ECBD65 /* Resources */,
			);
			buildRules = (
			);
			dependencies = (
			);
			name = learningSwiftUI;
			productName = learningSwiftUI;
			productReference = 93BB7CB527A06FB400ECBD65 /* learningSwiftUI.app */;
			productType = "com.apple.product-type.application";
		};
		93BB7CC427A06FB500ECBD65 /* learningSwiftUITests */ = {
			isa = PBXNativeTarget;
			buildConfigurationList = 93BB7CDC27A06FB500ECBD65 /* Build configuration list for PBXNativeTarget "learningSwiftUITests" */;
			buildPhases = (
				93BB7CC127A06FB500ECBD65 /* Sources */,
				93BB7CC227A06FB500ECBD65 /* Frameworks */,
				93BB7CC327A06FB500ECBD65 /* Resources */,
			);
			buildRules = (
			);
			dependencies = (
				93BB7CC727A06FB500ECBD65 /* PBXTargetDependency */,
			);
			name = learningSwiftUITests;
			productName = learningSwiftUITests;
			productReference = 93BB7CC527A06FB500ECBD65 /* learningSwiftUITests.xctest */;
			productType = "com.apple.product-type.bundle.unit-test";
		};
		93BB7CCE27A06FB500ECBD65 /* learningSwiftUIUITests */ = {
			isa = PBXNativeTarget;
			buildConfigurationList = 93BB7CDF27A06FB500ECBD65 /* Build configuration list for PBXNativeTarget "learningSwiftUIUITests" */;
			buildPhases = (
				93BB7CCB27A06FB500ECBD65 /* Sources */,
				93BB7CCC27A06FB500ECBD65 /* Frameworks */,
				93BB7CCD27A06FB500ECBD65 /* Resources */,
			);
			buildRules = (
			);
			dependencies = (
				93BB7CD127A06FB500ECBD65 /* PBXTargetDependency */,
			);
			name = learningSwiftUIUITests;
			productName = learningSwiftUIUITests;
			productReference = 93BB7CCF27A06FB500ECBD65 /* learningSwiftUIUITests.xctest */;
			productType = "com.apple.product-type.bundle.ui-testing";
		};
/* End PBXNativeTarget section */

/* Begin PBXProject section */
		93BB7CAD27A06FB400ECBD65 /* Project object */ = {
			isa = PBXProject;
			attributes = {
				BuildIndependentTargetsInParallel = 1;
				LastSwiftUpdateCheck = 1320;
				LastUpgradeCheck = 1320;
				TargetAttributes = {
					93BB7CB427A06FB400ECBD65 = {
						CreatedOnToolsVersion = 13.2.1;
					};
					93BB7CC427A06FB500ECBD65 = {
						CreatedOnToolsVersion = 13.2.1;
						TestTargetID = 93BB7CB427A06FB400ECBD65;
					};
					93BB7CCE27A06FB500ECBD65 = {
						CreatedOnToolsVersion = 13.2.1;
						TestTargetID = 93BB7CB427A06FB400ECBD65;
					};
				};
			};
			buildConfigurationList = 93BB7CB027A06FB400ECBD65 /* Build configuration list for PBXProject "learningSwiftUI" */;
			compatibilityVersion = "Xcode 13.0";
			developmentRegion = en;
			hasScannedForEncodings = 0;
			knownRegions = (
				en,
				Base,
			);
			mainGroup = 93BB7CAC27A06FB400ECBD65;
			productRefGroup = 93BB7CB627A06FB400ECBD65 /* Products */;
			projectDirPath = "";
			projectRoot = "";
			targets = (
				93BB7CB427A06FB400ECBD65 /* learningSwiftUI */,
				93BB7CC427A06FB500ECBD65 /* learningSwiftUITests */,
				93BB7CCE27A06FB500ECBD65 /* learningSwiftUIUITests */,
			);
		};
/* End PBXProject section */

/* Begin PBXResourcesBuildPhase section */
		93BB7CB327A06FB400ECBD65 /* Resources */ = {
			isa = PBXResourcesBuildPhase;
			buildActionMask = 2147483647;
			files = (
				937FB6FF27A0961F003F48D9 /* OFL.txt in Resources */,
				937FB70027A0961F003F48D9 /* Lobster-Regular.ttf in Resources */,
				93BB7CC027A06FB500ECBD65 /* Preview Assets.xcassets in Resources */,
				93BB7CBD27A06FB500ECBD65 /* Assets.xcassets in Resources */,
			);
			runOnlyForDeploymentPostprocessing = 0;
		};
		93BB7CC327A06FB500ECBD65 /* Resources */ = {
			isa = PBXResourcesBuildPhase;
			buildActionMask = 2147483647;
			files = (
			);
			runOnlyForDeploymentPostprocessing = 0;
		};
		93BB7CCD27A06FB500ECBD65 /* Resources */ = {
			isa = PBXResourcesBuildPhase;
			buildActionMask = 2147483647;
			files = (
			);
			runOnlyForDeploymentPostprocessing = 0;
		};
/* End PBXResourcesBuildPhase section */

/* Begin PBXSourcesBuildPhase section */
		93BB7CB127A06FB400ECBD65 /* Sources */ = {
			isa = PBXSourcesBuildPhase;
			buildActionMask = 2147483647;
			files = (
				93BB7CED27A07A3F00ECBD65 /* TutorialsView.swift in Sources */,
				93BB7CE327A0728600ECBD65 /* Stacks.swift in Sources */,
				937FB6FB27A0851D003F48D9 /* ToolbarView.swift in Sources */,
				93BB7CEB27A07A1900ECBD65 /* HomeView.swift in Sources */,
				93BB7CBB27A06FB400ECBD65 /* ContentView.swift in Sources */,
				93BB7CB927A06FB400ECBD65 /* learningSwiftUIApp.swift in Sources */,
				93BB7CE527A0738400ECBD65 /* BadgeWithBlueBackground.swift in Sources */,
				93BB7CE927A0777100ECBD65 /* SidebarView.swift in Sources */,
				93BB7CE727A073C700ECBD65 /* ImageAsBackground.swift in Sources */,
			);
			runOnlyForDeploymentPostprocessing = 0;
		};
		93BB7CC127A06FB500ECBD65 /* Sources */ = {
			isa = PBXSourcesBuildPhase;
			buildActionMask = 2147483647;
			files = (
				93BB7CCA27A06FB500ECBD65 /* learningSwiftUITests.swift in Sources */,
			);
			runOnlyForDeploymentPostprocessing = 0;
		};
		93BB7CCB27A06FB500ECBD65 /* Sources */ = {
			isa = PBXSourcesBuildPhase;
			buildActionMask = 2147483647;
			files = (
				93BB7CD627A06FB500ECBD65 /* learningSwiftUIUITestsLaunchTests.swift in Sources */,
				93BB7CD427A06FB500ECBD65 /* learningSwiftUIUITests.swift in Sources */,
			);
			runOnlyForDeploymentPostprocessing = 0;
		};
/* End PBXSourcesBuildPhase section */

/* Begin PBXTargetDependency section */
		93BB7CC727A06FB500ECBD65 /* PBXTargetDependency */ = {
			isa = PBXTargetDependency;
			target = 93BB7CB427A06FB400ECBD65 /* learningSwiftUI */;
			targetProxy = 93BB7CC627A06FB500ECBD65 /* PBXContainerItemProxy */;
		};
		93BB7CD127A06FB500ECBD65 /* PBXTargetDependency */ = {
			isa = PBXTargetDependency;
			target = 93BB7CB427A06FB400ECBD65 /* learningSwiftUI */;
			targetProxy = 93BB7CD027A06FB500ECBD65 /* PBXContainerItemProxy */;
		};
/* End PBXTargetDependency section */

/* Begin XCBuildConfiguration section */
		93BB7CD727A06FB500ECBD65 /* Debug */ = {
			isa = XCBuildConfiguration;
			buildSettings = {
				ALWAYS_SEARCH_USER_PATHS = NO;
				CLANG_ANALYZER_NONNULL = YES;
				CLANG_ANALYZER_NUMBER_OBJECT_CONVERSION = YES_AGGRESSIVE;
				CLANG_CXX_LANGUAGE_STANDARD = "gnu++17";
				CLANG_CXX_LIBRARY = "libc++";
				CLANG_ENABLE_MODULES = YES;
				CLANG_ENABLE_OBJC_ARC = YES;
				CLANG_ENABLE_OBJC_WEAK = YES;
				CLANG_WARN_BLOCK_CAPTURE_AUTORELEASING = YES;
				CLANG_WARN_BOOL_CONVERSION = YES;
				CLANG_WARN_COMMA = YES;
				CLANG_WARN_CONSTANT_CONVERSION = YES;
				CLANG_WARN_DEPRECATED_OBJC_IMPLEMENTATIONS = YES;
				CLANG_WARN_DIRECT_OBJC_ISA_USAGE = YES_ERROR;
				CLANG_WARN_DOCUMENTATION_COMMENTS = YES;
				CLANG_WARN_EMPTY_BODY = YES;
				CLANG_WARN_ENUM_CONVERSION = YES;
				CLANG_WARN_INFINITE_RECURSION = YES;
				CLANG_WARN_INT_CONVERSION = YES;
				CLANG_WARN_NON_LITERAL_NULL_CONVERSION = YES;
				CLANG_WARN_OBJC_IMPLICIT_RETAIN_SELF = YES;
				CLANG_WARN_OBJC_LITERAL_CONVERSION = YES;
				CLANG_WARN_OBJC_ROOT_CLASS = YES_ERROR;
				CLANG_WARN_QUOTED_INCLUDE_IN_FRAMEWORK_HEADER = YES;
				CLANG_WARN_RANGE_LOOP_ANALYSIS = YES;
				CLANG_WARN_STRICT_PROTOTYPES = YES;
				CLANG_WARN_SUSPICIOUS_MOVE = YES;
				CLANG_WARN_UNGUARDED_AVAILABILITY = YES_AGGRESSIVE;
				CLANG_WARN_UNREACHABLE_CODE = YES;
				CLANG_WARN__DUPLICATE_METHOD_MATCH = YES;
				COPY_PHASE_STRIP = NO;
				DEBUG_INFORMATION_FORMAT = dwarf;
				ENABLE_STRICT_OBJC_MSGSEND = YES;
				ENABLE_TESTABILITY = YES;
				GCC_C_LANGUAGE_STANDARD = gnu11;
				GCC_DYNAMIC_NO_PIC = NO;
				GCC_NO_COMMON_BLOCKS = YES;
				GCC_OPTIMIZATION_LEVEL = 0;
				GCC_PREPROCESSOR_DEFINITIONS = (
					"DEBUG=1",
					"$(inherited)",
				);
				GCC_WARN_64_TO_32_BIT_CONVERSION = YES;
				GCC_WARN_ABOUT_RETURN_TYPE = YES_ERROR;
				GCC_WARN_UNDECLARED_SELECTOR = YES;
				GCC_WARN_UNINITIALIZED_AUTOS = YES_AGGRESSIVE;
				GCC_WARN_UNUSED_FUNCTION = YES;
				GCC_WARN_UNUSED_VARIABLE = YES;
				IPHONEOS_DEPLOYMENT_TARGET = 15.2;
				MTL_ENABLE_DEBUG_INFO = INCLUDE_SOURCE;
				MTL_FAST_MATH = YES;
				ONLY_ACTIVE_ARCH = YES;
				SDKROOT = iphoneos;
				SWIFT_ACTIVE_COMPILATION_CONDITIONS = DEBUG;
				SWIFT_OPTIMIZATION_LEVEL = "-Onone";
			};
			name = Debug;
		};
		93BB7CD827A06FB500ECBD65 /* Release */ = {
			isa = XCBuildConfiguration;
			buildSettings = {
				ALWAYS_SEARCH_USER_PATHS = NO;
				CLANG_ANALYZER_NONNULL = YES;
				CLANG_ANALYZER_NUMBER_OBJECT_CONVERSION = YES_AGGRESSIVE;
				CLANG_CXX_LANGUAGE_STANDARD = "gnu++17";
				CLANG_CXX_LIBRARY = "libc++";
				CLANG_ENABLE_MODULES = YES;
				CLANG_ENABLE_OBJC_ARC = YES;
				CLANG_ENABLE_OBJC_WEAK = YES;
				CLANG_WARN_BLOCK_CAPTURE_AUTORELEASING = YES;
				CLANG_WARN_BOOL_CONVERSION = YES;
				CLANG_WARN_COMMA = YES;
				CLANG_WARN_CONSTANT_CONVERSION = YES;
				CLANG_WARN_DEPRECATED_OBJC_IMPLEMENTATIONS = YES;
				CLANG_WARN_DIRECT_OBJC_ISA_USAGE = YES_ERROR;
				CLANG_WARN_DOCUMENTATION_COMMENTS = YES;
				CLANG_WARN_EMPTY_BODY = YES;
				CLANG_WARN_ENUM_CONVERSION = YES;
				CLANG_WARN_INFINITE_RECURSION = YES;
				CLANG_WARN_INT_CONVERSION = YES;
				CLANG_WARN_NON_LITERAL_NULL_CONVERSION = YES;
				CLANG_WARN_OBJC_IMPLICIT_RETAIN_SELF = YES;
				CLANG_WARN_OBJC_LITERAL_CONVERSION = YES;
				CLANG_WARN_OBJC_ROOT_CLASS = YES_ERROR;
				CLANG_WARN_QUOTED_INCLUDE_IN_FRAMEWORK_HEADER = YES;
				CLANG_WARN_RANGE_LOOP_ANALYSIS = YES;
				CLANG_WARN_STRICT_PROTOTYPES = YES;
				CLANG_WARN_SUSPICIOUS_MOVE = YES;
				CLANG_WARN_UNGUARDED_AVAILABILITY = YES_AGGRESSIVE;
				CLANG_WARN_UNREACHABLE_CODE = YES;
				CLANG_WARN__DUPLICATE_METHOD_MATCH = YES;
				COPY_PHASE_STRIP = NO;
				DEBUG_INFORMATION_FORMAT = "dwarf-with-dsym";
				ENABLE_NS_ASSERTIONS = NO;
				ENABLE_STRICT_OBJC_MSGSEND = YES;
				GCC_C_LANGUAGE_STANDARD = gnu11;
				GCC_NO_COMMON_BLOCKS = YES;
				GCC_WARN_64_TO_32_BIT_CONVERSION = YES;
				GCC_WARN_ABOUT_RETURN_TYPE = YES_ERROR;
				GCC_WARN_UNDECLARED_SELECTOR = YES;
				GCC_WARN_UNINITIALIZED_AUTOS = YES_AGGRESSIVE;
				GCC_WARN_UNUSED_FUNCTION = YES;
				GCC_WARN_UNUSED_VARIABLE = YES;
				IPHONEOS_DEPLOYMENT_TARGET = 15.2;
				MTL_ENABLE_DEBUG_INFO = NO;
				MTL_FAST_MATH = YES;
				SDKROOT = iphoneos;
				SWIFT_COMPILATION_MODE = wholemodule;
				SWIFT_OPTIMIZATION_LEVEL = "-O";
				VALIDATE_PRODUCT = YES;
			};
			name = Release;
		};
		93BB7CDA27A06FB500ECBD65 /* Debug */ = {
			isa = XCBuildConfiguration;
			buildSettings = {
				ASSETCATALOG_COMPILER_APPICON_NAME = AppIcon;
				ASSETCATALOG_COMPILER_GLOBAL_ACCENT_COLOR_NAME = AccentColor;
				CODE_SIGN_STYLE = Automatic;
				CURRENT_PROJECT_VERSION = 1;
				DEVELOPMENT_ASSET_PATHS = "\"learningSwiftUI/Preview Content\"";
				ENABLE_PREVIEWS = YES;
				GENERATE_INFOPLIST_FILE = YES;
				INFOPLIST_FILE = learningSwiftUI/Info.plist;
				INFOPLIST_KEY_UIApplicationSceneManifest_Generation = YES;
				INFOPLIST_KEY_UIApplicationSupportsIndirectInputEvents = YES;
				INFOPLIST_KEY_UILaunchScreen_Generation = YES;
				INFOPLIST_KEY_UISupportedInterfaceOrientations_iPad = "UIInterfaceOrientationPortrait UIInterfaceOrientationPortraitUpsideDown UIInterfaceOrientationLandscapeLeft UIInterfaceOrientationLandscapeRight";
				INFOPLIST_KEY_UISupportedInterfaceOrientations_iPhone = "UIInterfaceOrientationPortrait UIInterfaceOrientationLandscapeLeft UIInterfaceOrientationLandscapeRight";
				LD_RUNPATH_SEARCH_PATHS = (
					"$(inherited)",
					"@executable_path/Frameworks",
				);
				MARKETING_VERSION = 1.0;
				PRODUCT_BUNDLE_IDENTIFIER = aaronespasa.learningSwiftUI;
				PRODUCT_NAME = "$(TARGET_NAME)";
				SWIFT_EMIT_LOC_STRINGS = YES;
				SWIFT_VERSION = 5.0;
				TARGETED_DEVICE_FAMILY = "1,2";
			};
			name = Debug;
		};
		93BB7CDB27A06FB500ECBD65 /* Release */ = {
			isa = XCBuildConfiguration;
			buildSettings = {
				ASSETCATALOG_COMPILER_APPICON_NAME = AppIcon;
				ASSETCATALOG_COMPILER_GLOBAL_ACCENT_COLOR_NAME = AccentColor;
				CODE_SIGN_STYLE = Automatic;
				CURRENT_PROJECT_VERSION = 1;
				DEVELOPMENT_ASSET_PATHS = "\"learningSwiftUI/Preview Content\"";
				ENABLE_PREVIEWS = YES;
				GENERATE_INFOPLIST_FILE = YES;
				INFOPLIST_FILE = learningSwiftUI/Info.plist;
				INFOPLIST_KEY_UIApplicationSceneManifest_Generation = YES;
				INFOPLIST_KEY_UIApplicationSupportsIndirectInputEvents = YES;
				INFOPLIST_KEY_UILaunchScreen_Generation = YES;
				INFOPLIST_KEY_UISupportedInterfaceOrientations_iPad = "UIInterfaceOrientationPortrait UIInterfaceOrientationPortraitUpsideDown UIInterfaceOrientationLandscapeLeft UIInterfaceOrientationLandscapeRight";
				INFOPLIST_KEY_UISupportedInterfaceOrientations_iPhone = "UIInterfaceOrientationPortrait UIInterfaceOrientationLandscapeLeft UIInterfaceOrientationLandscapeRight";
				LD_RUNPATH_SEARCH_PATHS = (
					"$(inherited)",
					"@executable_path/Frameworks",
				);
				MARKETING_VERSION = 1.0;
				PRODUCT_BUNDLE_IDENTIFIER = aaronespasa.learningSwiftUI;
				PRODUCT_NAME = "$(TARGET_NAME)";
				SWIFT_EMIT_LOC_STRINGS = YES;
				SWIFT_VERSION = 5.0;
				TARGETED_DEVICE_FAMILY = "1,2";
			};
			name = Release;
		};
		93BB7CDD27A06FB500ECBD65 /* Debug */ = {
			isa = XCBuildConfiguration;
			buildSettings = {
				ALWAYS_EMBED_SWIFT_STANDARD_LIBRARIES = YES;
				BUNDLE_LOADER = "$(TEST_HOST)";
				CODE_SIGN_STYLE = Automatic;
				CURRENT_PROJECT_VERSION = 1;
				GENERATE_INFOPLIST_FILE = YES;
				IPHONEOS_DEPLOYMENT_TARGET = 15.2;
				MARKETING_VERSION = 1.0;
				PRODUCT_BUNDLE_IDENTIFIER = aaronespasa.learningSwiftUITests;
				PRODUCT_NAME = "$(TARGET_NAME)";
				SWIFT_EMIT_LOC_STRINGS = NO;
				SWIFT_VERSION = 5.0;
				TARGETED_DEVICE_FAMILY = "1,2";
				TEST_HOST = "$(BUILT_PRODUCTS_DIR)/learningSwiftUI.app/learningSwiftUI";
			};
			name = Debug;
		};
		93BB7CDE27A06FB500ECBD65 /* Release */ = {
			isa = XCBuildConfiguration;
			buildSettings = {
				ALWAYS_EMBED_SWIFT_STANDARD_LIBRARIES = YES;
				BUNDLE_LOADER = "$(TEST_HOST)";
				CODE_SIGN_STYLE = Automatic;
				CURRENT_PROJECT_VERSION = 1;
				GENERATE_INFOPLIST_FILE = YES;
				IPHONEOS_DEPLOYMENT_TARGET = 15.2;
				MARKETING_VERSION = 1.0;
				PRODUCT_BUNDLE_IDENTIFIER = aaronespasa.learningSwiftUITests;
				PRODUCT_NAME = "$(TARGET_NAME)";
				SWIFT_EMIT_LOC_STRINGS = NO;
				SWIFT_VERSION = 5.0;
				TARGETED_DEVICE_FAMILY = "1,2";
				TEST_HOST = "$(BUILT_PRODUCTS_DIR)/learningSwiftUI.app/learningSwiftUI";
			};
			name = Release;
		};
		93BB7CE027A06FB500ECBD65 /* Debug */ = {
			isa = XCBuildConfiguration;
			buildSettings = {
				ALWAYS_EMBED_SWIFT_STANDARD_LIBRARIES = YES;
				CODE_SIGN_STYLE = Automatic;
				CURRENT_PROJECT_VERSION = 1;
				GENERATE_INFOPLIST_FILE = YES;
				MARKETING_VERSION = 1.0;
				PRODUCT_BUNDLE_IDENTIFIER = aaronespasa.learningSwiftUIUITests;
				PRODUCT_NAME = "$(TARGET_NAME)";
				SWIFT_EMIT_LOC_STRINGS = NO;
				SWIFT_VERSION = 5.0;
				TARGETED_DEVICE_FAMILY = "1,2";
				TEST_TARGET_NAME = learningSwiftUI;
			};
			name = Debug;
		};
		93BB7CE127A06FB500ECBD65 /* Release */ = {
			isa = XCBuildConfiguration;
			buildSettings = {
				ALWAYS_EMBED_SWIFT_STANDARD_LIBRARIES = YES;
				CODE_SIGN_STYLE = Automatic;
				CURRENT_PROJECT_VERSION = 1;
				GENERATE_INFOPLIST_FILE = YES;
				MARKETING_VERSION = 1.0;
				PRODUCT_BUNDLE_IDENTIFIER = aaronespasa.learningSwiftUIUITests;
				PRODUCT_NAME = "$(TARGET_NAME)";
				SWIFT_EMIT_LOC_STRINGS = NO;
				SWIFT_VERSION = 5.0;
				TARGETED_DEVICE_FAMILY = "1,2";
				TEST_TARGET_NAME = learningSwiftUI;
			};
			name = Release;
		};
/* End XCBuildConfiguration section */

/* Begin XCConfigurationList section */
		93BB7CB027A06FB400ECBD65 /* Build configuration list for PBXProject "learningSwiftUI" */ = {
			isa = XCConfigurationList;
			buildConfigurations = (
				93BB7CD727A06FB500ECBD65 /* Debug */,
				93BB7CD827A06FB500ECBD65 /* Release */,
			);
			defaultConfigurationIsVisible = 0;
			defaultConfigurationName = Release;
		};
		93BB7CD927A06FB500ECBD65 /* Build configuration list for PBXNativeTarget "learningSwiftUI" */ = {
			isa = XCConfigurationList;
			buildConfigurations = (
				93BB7CDA27A06FB500ECBD65 /* Debug */,
				93BB7CDB27A06FB500ECBD65 /* Release */,
			);
			defaultConfigurationIsVisible = 0;
			defaultConfigurationName = Release;
		};
		93BB7CDC27A06FB500ECBD65 /* Build configuration list for PBXNativeTarget "learningSwiftUITests" */ = {
			isa = XCConfigurationList;
			buildConfigurations = (
				93BB7CDD27A06FB500ECBD65 /* Debug */,
				93BB7CDE27A06FB500ECBD65 /* Release */,
			);
			defaultConfigurationIsVisible = 0;
			defaultConfigurationName = Release;
		};
		93BB7CDF27A06FB500ECBD65 /* Build configuration list for PBXNativeTarget "learningSwiftUIUITests" */ = {
			isa = XCConfigurationList;
			buildConfigurations = (
				93BB7CE027A06FB500ECBD65 /* Debug */,
				93BB7CE127A06FB500ECBD65 /* Release */,
			);
			defaultConfigurationIsVisible = 0;
			defaultConfigurationName = Release;
		};
/* End XCConfigurationList section */
	};
	rootObject = 93BB7CAD27A06FB400ECBD65 /* Project object */;
}
